schema: '2.0'
stages:
  train_ensemble:
    cmd: python models/ensemble_model.py
    deps:
    - path: data/final_data/20251115_dataset_crp.csv
      hash: md5
      md5: 29258467083f22579c1a59b14125f628
      size: 287884595
    - path: models/ensemble_model.py
      hash: md5
      md5: 74bbbc079c58ab664c3e26e5baf06bc9
      size: 19204
    outs:
    - path: artifacts/ensemble
      hash: md5
      md5: 97bf19f9b4c29b655dfb2ef3330d5d8f.dir
      size: 5004
      nfiles: 3
    - path: figures
      hash: md5
      md5: b99722df417ce1e91ed9fc84a1a34cea.dir
      size: 488800
      nfiles: 3
  train_ann:
    cmd: python -u models/ann_model.py
    deps:
    - path: data/final_data/20251115_dataset_crp.csv
      hash: md5
      md5: 29258467083f22579c1a59b14125f628
      size: 287884595
    - path: models/ann_model.py
      hash: md5
      md5: 4ebde61c188ba2b07ae3ec56c8b39c5b
      size: 9575
    outs:
    - path: models/model_ann.keras
      hash: md5
      md5: fde7d7998aac7c4dc7c37f71521498a7
      size: 235759
  train_lstm:
    cmd: python -u models/lstm_model.py
    deps:
    - path: data/final_data/20251115_dataset_crp.csv
      hash: md5
      md5: 29258467083f22579c1a59b14125f628
      size: 287884595
    - path: models/lstm_model.py
      hash: md5
      md5: 8194e19ce9fae032f0d9068832dccfbd
      size: 12262
    outs:
    - path: models/model_lstm.keras
      hash: md5
      md5: c562dab1d765681c3ed97d97218253f8
      size: 594808
  train_gru:
    cmd: python -u models/gru_model.py
    deps:
    - path: data/final_data/20251115_dataset_crp.csv
      hash: md5
      md5: 29258467083f22579c1a59b14125f628
      size: 287884595
    - path: models/gru_model.py
      hash: md5
      md5: 3ae1798ccdc2d130c3449da2a6c52b1b
      size: 12682
    outs:
    - path: models/model_gru.keras
      hash: md5
      md5: aa0c4aafd1faaf66a7cac7af82561f1c
      size: 458858
